
Microsoft Visual Studio Solution File, Format Version 12.00
# Visual Studio Version 16
VisualStudioVersion = 16.0.30907.101
MinimumVisualStudioVersion = 10.0.40219.1
Project("{8BC9CEB8-8B4A-11D0-8D11-00A0C91BC942}") = "ShadowPlayground", "ShadowPlayground.vcxproj", "{C620DBB4-9A01-4B0D-8B43-EAAA527343A2}"
EndProject
Global
	GlobalSection(SolutionConfigurationPlatforms) = preSolution
		Debug|x64 = Debug|x64
		Debug|x86 = Debug|x86
		Release|x64 = Release|x64
		Release|x86 = Release|x86
	EndGlobalSection
	GlobalSection(ProjectConfigurationPlatforms) = postSolution
		{C620DBB4-9A01-4B0D-8B43-EAAA527343A2}.Debug|x64.ActiveCfg = Debug|x64
		{C620DBB4-9A01-4B0D-8B43-EAAA527343A2}.Debug|x64.Build.0 = Debug|x64
		{C620DBB4-9A01-4B0D-8B43-EAAA527343A2}.Debug|x86.ActiveCfg = Debug|Win32
		{C620DBB4-9A01-4B0D-8B43-EAAA527343A2}.Debug|x86.Build.0 = Debug|Win32
		{C620DBB4-9A01-4B0D-8B43-EAAA527343A2}.Release|x64.ActiveCfg = Release|x64
		{C620DBB4-9A01-4B0D-8B43-EAAA527343A2}.Release|x64.Build.0 = Release|x64
		{C620DBB4-9A01-4B0D-8B43-EAAA527343A2}.Release|x86.ActiveCfg = Release|Win32
		{C620DBB4-9A01-4B0D-8B43-EAAA527343A2}.Release|x86.Build.0 = Release|Win32
	EndGlobalSection
	GlobalSection(SolutionProperties) = preSolution
		HideSolutionNode = FALSE
	EndGlobalSection
	GlobalSection(ExtensibilityGlobals) = postSolution
		SolutionGuid = {7AFCE847-F088-4D1C-B73B-E2B3AB3CDAC1}
	EndGlobalSection
EndGlobal
