<?xml version="1.0" encoding="utf-8"?>
<Project ToolsVersion="4.0" xmlns="http://schemas.microsoft.com/developer/msbuild/2003">
  <ItemGroup>
    <Filter Include="Source Files">
      <UniqueIdentifier>{4FC737F1-C7A5-4376-A066-2A32D752A2FF}</UniqueIdentifier>
      <Extensions>cpp;c;cc;cxx;c++;cppm;ixx;def;odl;idl;hpj;bat;asm;asmx</Extensions>
    </Filter>
    <Filter Include="Header Files">
      <UniqueIdentifier>{93995380-89BD-4b04-88EB-625FBE52EBFB}</UniqueIdentifier>
      <Extensions>h;hh;hpp;hxx;h++;hm;inl;inc;ipp;xsd</Extensions>
    </Filter>
    <Filter Include="Header Files\plane">
      <UniqueIdentifier>{1bb34b49-7859-4a2f-ad7b-1be269e6ed09}</UniqueIdentifier>
    </Filter>
    <Filter Include="Header Files\Sphere">
      <UniqueIdentifier>{97f58abe-c709-435b-898e-a9e7a770942e}</UniqueIdentifier>
    </Filter>
    <Filter Include="Header Files\imgui">
      <UniqueIdentifier>{62ed0135-0d10-4228-ad26-b7b57790d9dc}</UniqueIdentifier>
    </Filter>
    <Filter Include="Header Files\Resource Files">
      <UniqueIdentifier>{67DA6AB6-F800-4c08-8B7A-83BB121AAD01}</UniqueIdentifier>
      <Extensions>rc;ico;cur;bmp;dlg;rc2;rct;bin;rgs;gif;jpg;jpeg;jpe;resx;tiff;tif;png;wav;mfcribbon-ms</Extensions>
    </Filter>
  </ItemGroup>
  <ItemGroup>
    <ClCompile Include="src\glad.c">
      <Filter>Source Files</Filter>
    </ClCompile>
    <ClCompile Include="src\sphere\Sphere.cpp">
      <Filter>Header Files\Sphere</Filter>
    </ClCompile>
    <ClCompile Include="src\Main.cpp">
      <Filter>Source Files</Filter>
    </ClCompile>
    <ClCompile Include="src\header\imgui\imgui.cpp">
      <Filter>Header Files\imgui</Filter>
    </ClCompile>
    <ClCompile Include="src\header\imgui\imgui_draw.cpp">
      <Filter>Header Files\imgui</Filter>
    </ClCompile>
    <ClCompile Include="src\header\imgui\imgui_impl_glfw.cpp">
      <Filter>Header Files\imgui</Filter>
    </ClCompile>
    <ClCompile Include="src\header\imgui\imgui_impl_opengl3.cpp">
      <Filter>Header Files\imgui</Filter>
    </ClCompile>
    <ClCompile Include="src\header\imgui\imgui_tables.cpp">
      <Filter>Header Files\imgui</Filter>
    </ClCompile>
    <ClCompile Include="src\header\imgui\imgui_widgets.cpp">
      <Filter>Header Files\imgui</Filter>
    </ClCompile>
    <ClCompile Include="src\header\imgui\imgui_demo.cpp">
      <Filter>Header Files\imgui</Filter>
    </ClCompile>
  </ItemGroup>
  <ItemGroup>
    <None Include="src\plane\plane.fs">
      <Filter>Header Files\plane</Filter>
    </None>
    <None Include="src\plane\plane.vs">
      <Filter>Header Files\plane</Filter>
    </None>
    <None Include="src\shader\lightcube.fs">
      <Filter>Header Files</Filter>
    </None>
    <None Include="src\shader\lightcube.vs">
      <Filter>Header Files</Filter>
    </None>
    <None Include="src\shader\ourShader.vs">
      <Filter>Header Files</Filter>
    </None>
    <None Include="src\shader\pos.fs">
      <Filter>Header Files</Filter>
    </None>
    <None Include="src\shader\pos.vs">
      <Filter>Header Files</Filter>
    </None>
    <None Include="src\shader\texture.fs">
      <Filter>Header Files</Filter>
    </None>
    <None Include="src\shader\texture.vs">
      <Filter>Header Files</Filter>
    </None>
    <None Include="src\shader\ourshader.fs">
      <Filter>Header Files</Filter>
    </None>
    <None Include="..\Particle\header\Ball\ball.vs">
      <Filter>Header Files</Filter>
    </None>
    <None Include="..\Particle\header\Ball\ball.fs">
      <Filter>Header Files</Filter>
    </None>
    <None Include="src\shader\model.vs">
      <Filter>Header Files</Filter>
    </None>
    <None Include="src\shader\model.fs">
      <Filter>Header Files</Filter>
    </None>
    <None Include="src\shader\normal.fs">
      <Filter>Header Files</Filter>
    </None>
    <None Include="src\shader\normal.vs">
      <Filter>Header Files</Filter>
    </None>
  </ItemGroup>
  <ItemGroup>
    <ClInclude Include="src\plane\Plane.h">
      <Filter>Header Files\plane</Filter>
    </ClInclude>
    <ClInclude Include="src\header\camera.h">
      <Filter>Header Files</Filter>
    </ClInclude>
    <ClInclude Include="src\header\mesh.h">
      <Filter>Header Files</Filter>
    </ClInclude>
    <ClInclude Include="src\header\model.h">
      <Filter>Header Files</Filter>
    </ClInclude>
    <ClInclude Include="src\header\shader_m.h">
      <Filter>Header Files</Filter>
    </ClInclude>
    <ClInclude Include="src\header\stb_image.h">
      <Filter>Header Files</Filter>
    </ClInclude>
    <ClInclude Include="Ball.h">
      <Filter>Header Files</Filter>
    </ClInclude>
    <ClInclude Include="src\sphere\Sphere.h">
      <Filter>Header Files\Sphere</Filter>
    </ClInclude>
    <ClInclude Include="src\header\imgui\imconfig.h">
      <Filter>Header Files\imgui</Filter>
    </ClInclude>
    <ClInclude Include="src\header\imgui\imgui.h">
      <Filter>Header Files\imgui</Filter>
    </ClInclude>
    <ClInclude Include="src\header\imgui\imgui_impl_glfw.h">
      <Filter>Header Files\imgui</Filter>
    </ClInclude>
    <ClInclude Include="src\header\imgui\imgui_impl_opengl3.h">
      <Filter>Header Files\imgui</Filter>
    </ClInclude>
    <ClInclude Include="src\header\imgui\imgui_impl_sdl.h">
      <Filter>Header Files\imgui</Filter>
    </ClInclude>
    <ClInclude Include="src\header\imgui\imgui_internal.h">
      <Filter>Header Files\imgui</Filter>
    </ClInclude>
    <ClInclude Include="src\header\imgui\imstb_rectpack.h">
      <Filter>Header Files\imgui</Filter>
    </ClInclude>
    <ClInclude Include="src\header\imgui\imstb_textedit.h">
      <Filter>Header Files\imgui</Filter>
    </ClInclude>
    <ClInclude Include="src\header\imgui\imstb_truetype.h">
      <Filter>Header Files\imgui</Filter>
    </ClInclude>
    <ClInclude Include="Util.h">
      <Filter>Header Files</Filter>
    </ClInclude>
  </ItemGroup>
</Project>